
Microsoft Visual Studio Solution File, Format Version 12.00
Project("{FAE04EC0-301F-11D3-BF4B-00C04F79EFBC}") = "WebApi", "WebApi\WebApi.csproj", "{D3CEEEA1-B5EC-4877-935C-D51E03638590}"
EndProject
Project("{FAE04EC0-301F-11D3-BF4B-00C04F79EFBC}") = "WebApi.Data", "WebApi.Data\WebApi.Data.csproj", "{E2539E9A-48AD-4123-9EAE-4B0537DB2488}"
EndProject
Project("{FAE04EC0-301F-11D3-BF4B-00C04F79EFBC}") = "WebApi.Model", "WebApi.Model\WebApi.Model.csproj", "{16266A63-0019-475E-A9A3-5DD7C71B74EE}"
EndProject
Global
	GlobalSection(SolutionConfigurationPlatforms) = preSolution
		Debug|Any CPU = Debug|Any CPU
		Release|Any CPU = Release|Any CPU
	EndGlobalSection
	GlobalSection(ProjectConfigurationPlatforms) = postSolution
		{D3CEEEA1-B5EC-4877-935C-D51E03638590}.Debug|Any CPU.ActiveCfg = Debug|Any CPU
		{D3CEEEA1-B5EC-4877-935C-D51E03638590}.Debug|Any CPU.Build.0 = Debug|Any CPU
		{D3CEEEA1-B5EC-4877-935C-D51E03638590}.Release|Any CPU.ActiveCfg = Release|Any CPU
		{D3CEEEA1-B5EC-4877-935C-D51E03638590}.Release|Any CPU.Build.0 = Release|Any CPU
		{E2539E9A-48AD-4123-9EAE-4B0537DB2488}.Debug|Any CPU.ActiveCfg = Debug|Any CPU
		{E2539E9A-48AD-4123-9EAE-4B0537DB2488}.Debug|Any CPU.Build.0 = Debug|Any CPU
		{E2539E9A-48AD-4123-9EAE-4B0537DB2488}.Release|Any CPU.ActiveCfg = Release|Any CPU
		{E2539E9A-48AD-4123-9EAE-4B0537DB2488}.Release|Any CPU.Build.0 = Release|Any CPU
		{16266A63-0019-475E-A9A3-5DD7C71B74EE}.Debug|Any CPU.ActiveCfg = Debug|Any CPU
		{16266A63-0019-475E-A9A3-5DD7C71B74EE}.Debug|Any CPU.Build.0 = Debug|Any CPU
		{16266A63-0019-475E-A9A3-5DD7C71B74EE}.Release|Any CPU.ActiveCfg = Release|Any CPU
		{16266A63-0019-475E-A9A3-5DD7C71B74EE}.Release|Any CPU.Build.0 = Release|Any CPU
	EndGlobalSection
EndGlobal
